
Microsoft Visual Studio Solution File, Format Version 12.00
# Visual Studio 14
VisualStudioVersion = 14.0.25420.1
MinimumVisualStudioVersion = 10.0.40219.1
Project("{FAE04EC0-301F-11D3-BF4B-00C04F79EFBC}") = "Martynnw.ActivityResultDemo", "Martynnw.ActivityResultDemo\Martynnw.ActivityResultDemo.csproj", "{86E6C7EB-8B82-45BD-A4D0-9F7C2844D563}"
EndProject
Project("{FAE04EC0-301F-11D3-BF4B-00C04F79EFBC}") = "Martynnw.ActivityResultDemo.Droid", "Martynnw.ActivityResultDemo.Droid\Martynnw.ActivityResultDemo.Droid.csproj", "{5D15CEA9-E8EC-4112-ABC5-F3DBCAF77DD6}"
EndProject
Global
	GlobalSection(SolutionConfigurationPlatforms) = preSolution
		Debug|Any CPU = Debug|Any CPU
		Release|Any CPU = Release|Any CPU
	EndGlobalSection
	GlobalSection(ProjectConfigurationPlatforms) = postSolution
		{86E6C7EB-8B82-45BD-A4D0-9F7C2844D563}.Debug|Any CPU.ActiveCfg = Debug|Any CPU
		{86E6C7EB-8B82-45BD-A4D0-9F7C2844D563}.Debug|Any CPU.Build.0 = Debug|Any CPU
		{86E6C7EB-8B82-45BD-A4D0-9F7C2844D563}.Release|Any CPU.ActiveCfg = Release|Any CPU
		{86E6C7EB-8B82-45BD-A4D0-9F7C2844D563}.Release|Any CPU.Build.0 = Release|Any CPU
		{5D15CEA9-E8EC-4112-ABC5-F3DBCAF77DD6}.Debug|Any CPU.ActiveCfg = Debug|Any CPU
		{5D15CEA9-E8EC-4112-ABC5-F3DBCAF77DD6}.Debug|Any CPU.Build.0 = Debug|Any CPU
		{5D15CEA9-E8EC-4112-ABC5-F3DBCAF77DD6}.Debug|Any CPU.Deploy.0 = Debug|Any CPU
		{5D15CEA9-E8EC-4112-ABC5-F3DBCAF77DD6}.Release|Any CPU.ActiveCfg = Release|Any CPU
		{5D15CEA9-E8EC-4112-ABC5-F3DBCAF77DD6}.Release|Any CPU.Build.0 = Release|Any CPU
		{5D15CEA9-E8EC-4112-ABC5-F3DBCAF77DD6}.Release|Any CPU.Deploy.0 = Release|Any CPU
	EndGlobalSection
	GlobalSection(SolutionProperties) = preSolution
		HideSolutionNode = FALSE
	EndGlobalSection
EndGlobal
